
Microsoft Visual Studio Solution File, Format Version 12.00
# Visual Studio Version 17
VisualStudioVersion = 17.8.34601.278
MinimumVisualStudioVersion = 10.0.40219.1
Project("{FAE04EC0-301F-11D3-BF4B-00C04F79EFBC}") = "ExceptionWorkshop", "ExceptionWorkshop.csproj", "{D02DE8AB-3B37-4861-9A3C-A378CE2A55C4}"
EndProject
Global
	GlobalSection(SolutionConfigurationPlatforms) = preSolution
		Debug|Any CPU = Debug|Any CPU
		Release|Any CPU = Release|Any CPU
	EndGlobalSection
	GlobalSection(ProjectConfigurationPlatforms) = postSolution
		{D02DE8AB-3B37-4861-9A3C-A378CE2A55C4}.Debug|Any CPU.ActiveCfg = Debug|Any CPU
		{D02DE8AB-3B37-4861-9A3C-A378CE2A55C4}.Debug|Any CPU.Build.0 = Debug|Any CPU
		{D02DE8AB-3B37-4861-9A3C-A378CE2A55C4}.Release|Any CPU.ActiveCfg = Release|Any CPU
		{D02DE8AB-3B37-4861-9A3C-A378CE2A55C4}.Release|Any CPU.Build.0 = Release|Any CPU
	EndGlobalSection
	GlobalSection(SolutionProperties) = preSolution
		HideSolutionNode = FALSE
	EndGlobalSection
	GlobalSection(ExtensibilityGlobals) = postSolution
		SolutionGuid = {AE0F48D5-12F3-4645-A52B-4E02427C57AE}
	EndGlobalSection
EndGlobal
